
Microsoft Visual Studio Solution File, Format Version 12.00
# Visual Studio Version 16
VisualStudioVersion = 16.0.30907.101
MinimumVisualStudioVersion = 10.0.40219.1
Project("{8BC9CEB8-8B4A-11D0-8D11-00A0C91BC942}") = "Injector", "Injector\Injector.vcxproj", "{7B34A9E2-E8D4-4333-B01E-6220953CDE00}"
EndProject
Project("{8BC9CEB8-8B4A-11D0-8D11-00A0C91BC942}") = "InjectMe", "InjectMe\InjectMe.vcxproj", "{EC1FEB70-E686-4AAC-BFB9-645F7896D0ED}"
EndProject
Project("{8BC9CEB8-8B4A-11D0-8D11-00A0C91BC942}") = "Injector2", "Injector2\Injector2.vcxproj", "{2D04BBED-9F5E-45CF-8826-1AE29203546C}"
EndProject
Project("{8BC9CEB8-8B4A-11D0-8D11-00A0C91BC942}") = "InjectMe2", "InjectMe2\InjectMe2.vcxproj", "{83F156A2-E19A-4ABC-AB4D-3C2C49B91487}"
EndProject
Project("{8BC9CEB8-8B4A-11D0-8D11-00A0C91BC942}") = "EZhook", "EZhook\EZhook.vcxproj", "{02A29FFD-93CB-49A7-A669-CFB1EB71E571}"
EndProject
Project("{8BC9CEB8-8B4A-11D0-8D11-00A0C91BC942}") = "EzHook2", "EzHook2\EzHook2.vcxproj", "{935D18EF-1DB8-4632-89A7-D21AF809A3B9}"
EndProject
Project("{8BC9CEB8-8B4A-11D0-8D11-00A0C91BC942}") = "EZInjector", "EZInjector\EZInjector.vcxproj", "{53C7E945-25E6-41B9-A5FB-27A7D92B7838}"
EndProject
Project("{8BC9CEB8-8B4A-11D0-8D11-00A0C91BC942}") = "Target", "Target\Target.vcxproj", "{211396AF-019A-4531-B6FB-6C6AD8355F52}"
EndProject
Project("{FAE04EC0-301F-11D3-BF4B-00C04F79EFBC}") = "EZHookDotNet", "EZHookDotNet\EZHookDotNet.csproj", "{7021DF9D-6F7A-48E0-9910-6A38107CA54F}"
EndProject
Project("{FAE04EC0-301F-11D3-BF4B-00C04F79EFBC}") = "EZHookDotNetConsole", "EZHookDotNetConsole\EZHookDotNetConsole.csproj", "{B903FC5C-83FA-4CCB-B741-749C85B43836}"
EndProject
Global
	GlobalSection(SolutionConfigurationPlatforms) = preSolution
		Debug|Any CPU = Debug|Any CPU
		Debug|x64 = Debug|x64
		Debug|x86 = Debug|x86
		Release|Any CPU = Release|Any CPU
		Release|x64 = Release|x64
		Release|x86 = Release|x86
	EndGlobalSection
	GlobalSection(ProjectConfigurationPlatforms) = postSolution
		{7B34A9E2-E8D4-4333-B01E-6220953CDE00}.Debug|Any CPU.ActiveCfg = Debug|Win32
		{7B34A9E2-E8D4-4333-B01E-6220953CDE00}.Debug|x64.ActiveCfg = Debug|x64
		{7B34A9E2-E8D4-4333-B01E-6220953CDE00}.Debug|x64.Build.0 = Debug|x64
		{7B34A9E2-E8D4-4333-B01E-6220953CDE00}.Debug|x86.ActiveCfg = Debug|Win32
		{7B34A9E2-E8D4-4333-B01E-6220953CDE00}.Debug|x86.Build.0 = Debug|Win32
		{7B34A9E2-E8D4-4333-B01E-6220953CDE00}.Release|Any CPU.ActiveCfg = Release|Win32
		{7B34A9E2-E8D4-4333-B01E-6220953CDE00}.Release|x64.ActiveCfg = Release|x64
		{7B34A9E2-E8D4-4333-B01E-6220953CDE00}.Release|x64.Build.0 = Release|x64
		{7B34A9E2-E8D4-4333-B01E-6220953CDE00}.Release|x86.ActiveCfg = Release|Win32
		{7B34A9E2-E8D4-4333-B01E-6220953CDE00}.Release|x86.Build.0 = Release|Win32
		{EC1FEB70-E686-4AAC-BFB9-645F7896D0ED}.Debug|Any CPU.ActiveCfg = Debug|Win32
		{EC1FEB70-E686-4AAC-BFB9-645F7896D0ED}.Debug|x64.ActiveCfg = Debug|x64
		{EC1FEB70-E686-4AAC-BFB9-645F7896D0ED}.Debug|x64.Build.0 = Debug|x64
		{EC1FEB70-E686-4AAC-BFB9-645F7896D0ED}.Debug|x86.ActiveCfg = Debug|Win32
		{EC1FEB70-E686-4AAC-BFB9-645F7896D0ED}.Debug|x86.Build.0 = Debug|Win32
		{EC1FEB70-E686-4AAC-BFB9-645F7896D0ED}.Release|Any CPU.ActiveCfg = Release|Win32
		{EC1FEB70-E686-4AAC-BFB9-645F7896D0ED}.Release|x64.ActiveCfg = Release|x64
		{EC1FEB70-E686-4AAC-BFB9-645F7896D0ED}.Release|x64.Build.0 = Release|x64
		{EC1FEB70-E686-4AAC-BFB9-645F7896D0ED}.Release|x86.ActiveCfg = Release|Win32
		{EC1FEB70-E686-4AAC-BFB9-645F7896D0ED}.Release|x86.Build.0 = Release|Win32
		{2D04BBED-9F5E-45CF-8826-1AE29203546C}.Debug|Any CPU.ActiveCfg = Debug|Win32
		{2D04BBED-9F5E-45CF-8826-1AE29203546C}.Debug|x64.ActiveCfg = Debug|x64
		{2D04BBED-9F5E-45CF-8826-1AE29203546C}.Debug|x64.Build.0 = Debug|x64
		{2D04BBED-9F5E-45CF-8826-1AE29203546C}.Debug|x86.ActiveCfg = Debug|Win32
		{2D04BBED-9F5E-45CF-8826-1AE29203546C}.Debug|x86.Build.0 = Debug|Win32
		{2D04BBED-9F5E-45CF-8826-1AE29203546C}.Release|Any CPU.ActiveCfg = Release|Win32
		{2D04BBED-9F5E-45CF-8826-1AE29203546C}.Release|x64.ActiveCfg = Release|x64
		{2D04BBED-9F5E-45CF-8826-1AE29203546C}.Release|x64.Build.0 = Release|x64
		{2D04BBED-9F5E-45CF-8826-1AE29203546C}.Release|x86.ActiveCfg = Release|Win32
		{2D04BBED-9F5E-45CF-8826-1AE29203546C}.Release|x86.Build.0 = Release|Win32
		{83F156A2-E19A-4ABC-AB4D-3C2C49B91487}.Debug|Any CPU.ActiveCfg = Debug|Win32
		{83F156A2-E19A-4ABC-AB4D-3C2C49B91487}.Debug|x64.ActiveCfg = Debug|x64
		{83F156A2-E19A-4ABC-AB4D-3C2C49B91487}.Debug|x64.Build.0 = Debug|x64
		{83F156A2-E19A-4ABC-AB4D-3C2C49B91487}.Debug|x86.ActiveCfg = Debug|Win32
		{83F156A2-E19A-4ABC-AB4D-3C2C49B91487}.Debug|x86.Build.0 = Debug|Win32
		{83F156A2-E19A-4ABC-AB4D-3C2C49B91487}.Release|Any CPU.ActiveCfg = Release|Win32
		{83F156A2-E19A-4ABC-AB4D-3C2C49B91487}.Release|x64.ActiveCfg = Release|x64
		{83F156A2-E19A-4ABC-AB4D-3C2C49B91487}.Release|x64.Build.0 = Release|x64
		{83F156A2-E19A-4ABC-AB4D-3C2C49B91487}.Release|x86.ActiveCfg = Release|Win32
		{83F156A2-E19A-4ABC-AB4D-3C2C49B91487}.Release|x86.Build.0 = Release|Win32
		{02A29FFD-93CB-49A7-A669-CFB1EB71E571}.Debug|Any CPU.ActiveCfg = Debug|Win32
		{02A29FFD-93CB-49A7-A669-CFB1EB71E571}.Debug|x64.ActiveCfg = Debug|x64
		{02A29FFD-93CB-49A7-A669-CFB1EB71E571}.Debug|x64.Build.0 = Debug|x64
		{02A29FFD-93CB-49A7-A669-CFB1EB71E571}.Debug|x86.ActiveCfg = Debug|Win32
		{02A29FFD-93CB-49A7-A669-CFB1EB71E571}.Debug|x86.Build.0 = Debug|Win32
		{02A29FFD-93CB-49A7-A669-CFB1EB71E571}.Release|Any CPU.ActiveCfg = Release|Win32
		{02A29FFD-93CB-49A7-A669-CFB1EB71E571}.Release|x64.ActiveCfg = Release|x64
		{02A29FFD-93CB-49A7-A669-CFB1EB71E571}.Release|x64.Build.0 = Release|x64
		{02A29FFD-93CB-49A7-A669-CFB1EB71E571}.Release|x86.ActiveCfg = Release|Win32
		{02A29FFD-93CB-49A7-A669-CFB1EB71E571}.Release|x86.Build.0 = Release|Win32
		{935D18EF-1DB8-4632-89A7-D21AF809A3B9}.Debug|Any CPU.ActiveCfg = Debug|Win32
		{935D18EF-1DB8-4632-89A7-D21AF809A3B9}.Debug|x64.ActiveCfg = Debug|x64
		{935D18EF-1DB8-4632-89A7-D21AF809A3B9}.Debug|x64.Build.0 = Debug|x64
		{935D18EF-1DB8-4632-89A7-D21AF809A3B9}.Debug|x86.ActiveCfg = Debug|Win32
		{935D18EF-1DB8-4632-89A7-D21AF809A3B9}.Debug|x86.Build.0 = Debug|Win32
		{935D18EF-1DB8-4632-89A7-D21AF809A3B9}.Release|Any CPU.ActiveCfg = Release|Win32
		{935D18EF-1DB8-4632-89A7-D21AF809A3B9}.Release|x64.ActiveCfg = Release|x64
		{935D18EF-1DB8-4632-89A7-D21AF809A3B9}.Release|x64.Build.0 = Release|x64
		{935D18EF-1DB8-4632-89A7-D21AF809A3B9}.Release|x86.ActiveCfg = Release|Win32
		{935D18EF-1DB8-4632-89A7-D21AF809A3B9}.Release|x86.Build.0 = Release|Win32
		{53C7E945-25E6-41B9-A5FB-27A7D92B7838}.Debug|Any CPU.ActiveCfg = Debug|Win32
		{53C7E945-25E6-41B9-A5FB-27A7D92B7838}.Debug|x64.ActiveCfg = Debug|x64
		{53C7E945-25E6-41B9-A5FB-27A7D92B7838}.Debug|x64.Build.0 = Debug|x64
		{53C7E945-25E6-41B9-A5FB-27A7D92B7838}.Debug|x86.ActiveCfg = Debug|Win32
		{53C7E945-25E6-41B9-A5FB-27A7D92B7838}.Debug|x86.Build.0 = Debug|Win32
		{53C7E945-25E6-41B9-A5FB-27A7D92B7838}.Release|Any CPU.ActiveCfg = Release|Win32
		{53C7E945-25E6-41B9-A5FB-27A7D92B7838}.Release|x64.ActiveCfg = Release|x64
		{53C7E945-25E6-41B9-A5FB-27A7D92B7838}.Release|x64.Build.0 = Release|x64
		{53C7E945-25E6-41B9-A5FB-27A7D92B7838}.Release|x86.ActiveCfg = Release|Win32
		{53C7E945-25E6-41B9-A5FB-27A7D92B7838}.Release|x86.Build.0 = Release|Win32
		{211396AF-019A-4531-B6FB-6C6AD8355F52}.Debug|Any CPU.ActiveCfg = Debug|Win32
		{211396AF-019A-4531-B6FB-6C6AD8355F52}.Debug|x64.ActiveCfg = Debug|x64
		{211396AF-019A-4531-B6FB-6C6AD8355F52}.Debug|x64.Build.0 = Debug|x64
		{211396AF-019A-4531-B6FB-6C6AD8355F52}.Debug|x86.ActiveCfg = Debug|Win32
		{211396AF-019A-4531-B6FB-6C6AD8355F52}.Debug|x86.Build.0 = Debug|Win32
		{211396AF-019A-4531-B6FB-6C6AD8355F52}.Release|Any CPU.ActiveCfg = Release|Win32
		{211396AF-019A-4531-B6FB-6C6AD8355F52}.Release|x64.ActiveCfg = Release|x64
		{211396AF-019A-4531-B6FB-6C6AD8355F52}.Release|x64.Build.0 = Release|x64
		{211396AF-019A-4531-B6FB-6C6AD8355F52}.Release|x86.ActiveCfg = Release|Win32
		{211396AF-019A-4531-B6FB-6C6AD8355F52}.Release|x86.Build.0 = Release|Win32
		{7021DF9D-6F7A-48E0-9910-6A38107CA54F}.Debug|Any CPU.ActiveCfg = Debug|Any CPU
		{7021DF9D-6F7A-48E0-9910-6A38107CA54F}.Debug|Any CPU.Build.0 = Debug|Any CPU
		{7021DF9D-6F7A-48E0-9910-6A38107CA54F}.Debug|x64.ActiveCfg = Debug|Any CPU
		{7021DF9D-6F7A-48E0-9910-6A38107CA54F}.Debug|x64.Build.0 = Debug|Any CPU
		{7021DF9D-6F7A-48E0-9910-6A38107CA54F}.Debug|x86.ActiveCfg = Debug|Any CPU
		{7021DF9D-6F7A-48E0-9910-6A38107CA54F}.Debug|x86.Build.0 = Debug|Any CPU
		{7021DF9D-6F7A-48E0-9910-6A38107CA54F}.Release|Any CPU.ActiveCfg = Release|Any CPU
		{7021DF9D-6F7A-48E0-9910-6A38107CA54F}.Release|Any CPU.Build.0 = Release|Any CPU
		{7021DF9D-6F7A-48E0-9910-6A38107CA54F}.Release|x64.ActiveCfg = Release|Any CPU
		{7021DF9D-6F7A-48E0-9910-6A38107CA54F}.Release|x64.Build.0 = Release|Any CPU
		{7021DF9D-6F7A-48E0-9910-6A38107CA54F}.Release|x86.ActiveCfg = Release|Any CPU
		{7021DF9D-6F7A-48E0-9910-6A38107CA54F}.Release|x86.Build.0 = Release|Any CPU
		{B903FC5C-83FA-4CCB-B741-749C85B43836}.Debug|Any CPU.ActiveCfg = Debug|Any CPU
		{B903FC5C-83FA-4CCB-B741-749C85B43836}.Debug|Any CPU.Build.0 = Debug|Any CPU
		{B903FC5C-83FA-4CCB-B741-749C85B43836}.Debug|x64.ActiveCfg = Debug|Any CPU
		{B903FC5C-83FA-4CCB-B741-749C85B43836}.Debug|x64.Build.0 = Debug|Any CPU
		{B903FC5C-83FA-4CCB-B741-749C85B43836}.Debug|x86.ActiveCfg = Debug|Any CPU
		{B903FC5C-83FA-4CCB-B741-749C85B43836}.Debug|x86.Build.0 = Debug|Any CPU
		{B903FC5C-83FA-4CCB-B741-749C85B43836}.Release|Any CPU.ActiveCfg = Release|Any CPU
		{B903FC5C-83FA-4CCB-B741-749C85B43836}.Release|Any CPU.Build.0 = Release|Any CPU
		{B903FC5C-83FA-4CCB-B741-749C85B43836}.Release|x64.ActiveCfg = Release|Any CPU
		{B903FC5C-83FA-4CCB-B741-749C85B43836}.Release|x64.Build.0 = Release|Any CPU
		{B903FC5C-83FA-4CCB-B741-749C85B43836}.Release|x86.ActiveCfg = Release|Any CPU
		{B903FC5C-83FA-4CCB-B741-749C85B43836}.Release|x86.Build.0 = Release|Any CPU
	EndGlobalSection
	GlobalSection(SolutionProperties) = preSolution
		HideSolutionNode = FALSE
	EndGlobalSection
	GlobalSection(ExtensibilityGlobals) = postSolution
		SolutionGuid = {2A919019-11DB-4D12-963E-88A7C7C4595F}
	EndGlobalSection
EndGlobal
